
Microsoft Visual Studio Solution File, Format Version 12.00
# Visual Studio Version 16
VisualStudioVersion = 16.0.31410.357
MinimumVisualStudioVersion = 10.0.40219.1
Project("{FAE04EC0-301F-11D3-BF4B-00C04F79EFBC}") = "IDRnD_check", "IDRnD_check\IDRnD_check.csproj", "{703EB051-F362-4AD4-AAF2-EC92F02A7498}"
EndProject
Global
	GlobalSection(SolutionConfigurationPlatforms) = preSolution
		Debug|Any CPU = Debug|Any CPU
		Release|Any CPU = Release|Any CPU
	EndGlobalSection
	GlobalSection(ProjectConfigurationPlatforms) = postSolution
		{703EB051-F362-4AD4-AAF2-EC92F02A7498}.Debug|Any CPU.ActiveCfg = Debug|Any CPU
		{703EB051-F362-4AD4-AAF2-EC92F02A7498}.Debug|Any CPU.Build.0 = Debug|Any CPU
		{703EB051-F362-4AD4-AAF2-EC92F02A7498}.Release|Any CPU.ActiveCfg = Release|Any CPU
		{703EB051-F362-4AD4-AAF2-EC92F02A7498}.Release|Any CPU.Build.0 = Release|Any CPU
	EndGlobalSection
	GlobalSection(SolutionProperties) = preSolution
		HideSolutionNode = FALSE
	EndGlobalSection
	GlobalSection(ExtensibilityGlobals) = postSolution
		SolutionGuid = {FB718985-449F-47AB-8ACD-77B3FD82BE99}
	EndGlobalSection
EndGlobal
